PODS:
  - AEConsole (0.3.0):
    - AELog (~> 0.3)
  - AELog (0.3.0)

DEPENDENCIES:
  - AEConsole
  - AELog

SPEC CHECKSUMS:
  AEConsole: bde8ae8616522b88909dff1ba7a4aa6e86568e6e
  AELog: 69608a89a1d0460ad32bba73f8e1043e12764d85

PODFILE CHECKSUM: 56110c7d7538a1c0dbf55df5c01ae0eb3f9a1d21

COCOAPODS: 1.2.1
